
Microsoft Visual Studio Solution File, Format Version 12.00
# Visual Studio 2013
VisualStudioVersion = 12.0.31101.0
MinimumVisualStudioVersion = 10.0.40219.1
Project("{FAE04EC0-301F-11D3-BF4B-00C04F79EFBC}") = "Week6G1", "Week6G1\Week6G1.csproj", "{EBC3F8EF-7CD0-4BE7-962B-7AA1DC36BCFA}"
EndProject
Project("{FAE04EC0-301F-11D3-BF4B-00C04F79EFBC}") = "Example1", "Example1\Example1.csproj", "{AC7C7E16-BB14-4BD4-BDE4-2929CAF6B264}"
EndProject
Project("{FAE04EC0-301F-11D3-BF4B-00C04F79EFBC}") = "Example2", "Example2\Example2.csproj", "{59566417-2F42-499F-ADAE-4FA000F036B4}"
EndProject
Global
	GlobalSection(SolutionConfigurationPlatforms) = preSolution
		Debug|Any CPU = Debug|Any CPU
		Release|Any CPU = Release|Any CPU
	EndGlobalSection
	GlobalSection(ProjectConfigurationPlatforms) = postSolution
		{EBC3F8EF-7CD0-4BE7-962B-7AA1DC36BCFA}.Debug|Any CPU.ActiveCfg = Debug|Any CPU
		{EBC3F8EF-7CD0-4BE7-962B-7AA1DC36BCFA}.Debug|Any CPU.Build.0 = Debug|Any CPU
		{EBC3F8EF-7CD0-4BE7-962B-7AA1DC36BCFA}.Release|Any CPU.ActiveCfg = Release|Any CPU
		{EBC3F8EF-7CD0-4BE7-962B-7AA1DC36BCFA}.Release|Any CPU.Build.0 = Release|Any CPU
		{AC7C7E16-BB14-4BD4-BDE4-2929CAF6B264}.Debug|Any CPU.ActiveCfg = Debug|Any CPU
		{AC7C7E16-BB14-4BD4-BDE4-2929CAF6B264}.Debug|Any CPU.Build.0 = Debug|Any CPU
		{AC7C7E16-BB14-4BD4-BDE4-2929CAF6B264}.Release|Any CPU.ActiveCfg = Release|Any CPU
		{AC7C7E16-BB14-4BD4-BDE4-2929CAF6B264}.Release|Any CPU.Build.0 = Release|Any CPU
		{59566417-2F42-499F-ADAE-4FA000F036B4}.Debug|Any CPU.ActiveCfg = Debug|Any CPU
		{59566417-2F42-499F-ADAE-4FA000F036B4}.Debug|Any CPU.Build.0 = Debug|Any CPU
		{59566417-2F42-499F-ADAE-4FA000F036B4}.Release|Any CPU.ActiveCfg = Release|Any CPU
		{59566417-2F42-499F-ADAE-4FA000F036B4}.Release|Any CPU.Build.0 = Release|Any CPU
	EndGlobalSection
	GlobalSection(SolutionProperties) = preSolution
		HideSolutionNode = FALSE
	EndGlobalSection
EndGlobal
